{
  "name": "prothoton",
  "lockfileVersion": 3,
  "requires": true,
  "packages": {
    "": {
      "dependencies": {
        "@types/react": "^18.0.31"
      },
      "devDependencies": {
        "flow-babel-webpack-plugin": "^1.1.1"
      }
    },
    "node_modules/@types/prop-types": {
      "version": "15.7.5",
      "resolved": "https://registry.npmjs.org/@types/prop-types/-/prop-types-15.7.5.tgz",
      "integrity": "sha512-JCB8C6SnDoQf0cNycqd/35A7MjcnK+ZTqE7judS6o7utxUCg6imJg3QK2qzHKszlTjcj2cn+NwMB2i96ubpj7w=="
    },
    "node_modules/@types/react": {
      "version": "18.0.31",
      "resolved": "https://registry.npmjs.org/@types/react/-/react-18.0.31.tgz",
      "integrity": "sha512-EEG67of7DsvRDU6BLLI0p+k1GojDLz9+lZsnCpCRTa/lOokvyPBvp8S5x+A24hME3yyQuIipcP70KJ6H7Qupww==",
      "dependencies": {
        "@types/prop-types": "*",
        "@types/scheduler": "*",
        "csstype": "^3.0.2"
      }
    },
    "node_modules/@types/scheduler": {
      "version": "0.16.3",
      "resolved": "https://registry.npmjs.org/@types/scheduler/-/scheduler-0.16.3.tgz",
      "integrity": "sha512-5cJ8CB4yAx7BH1oMvdU0Jh9lrEXyPkar6F9G/ERswkCuvP4KQZfZkSjcMbAICCpQTN4OuZn8tz0HiKv9TGZgrQ=="
    },
    "node_modules/babel-plugin-syntax-flow": {
      "version": "6.18.0",
      "resolved": "https://registry.npmjs.org/babel-plugin-syntax-flow/-/babel-plugin-syntax-flow-6.18.0.tgz",
      "integrity": "sha512-HbTDIoG1A1op7Tl/wIFQPULIBA61tsJ8Ntq2FAhLwuijrzosM/92kAfgU1Q3Kc7DH/cprJg5vDfuTY4QUL4rDA==",
      "dev": true
    },
    "node_modules/babel-plugin-transform-flow-comments": {
      "version": "6.22.0",
      "resolved": "https://registry.npmjs.org/babel-plugin-transform-flow-comments/-/babel-plugin-transform-flow-comments-6.22.0.tgz",
      "integrity": "sha512-bnJTrMZSeJXFe6bFkzJlBjJGxVGKClzBC6Dc24Dr1ZNa0MFEzYu5I6KBgYHpvGzmvOuLCF1iJv3UjBj9h2evNA==",
      "dev": true,
      "dependencies": {
        "babel-plugin-syntax-flow": "^6.8.0",
        "babel-runtime": "^6.22.0"
      }
    },
    "node_modules/babel-runtime": {
      "version": "6.26.0",
      "resolved": "https://registry.npmjs.org/babel-runtime/-/babel-runtime-6.26.0.tgz",
      "integrity": "sha512-ITKNuq2wKlW1fJg9sSW52eepoYgZBggvOAHC0u/CYu/qxQ9EVzThCgR69BnSXLHjy2f7SY5zaQ4yt7H9ZVxY2g==",
      "dev": true,
      "dependencies": {
        "core-js": "^2.4.0",
        "regenerator-runtime": "^0.11.0"
      }
    },
    "node_modules/core-js": {
      "version": "2.6.12",
      "resolved": "https://registry.npmjs.org/core-js/-/core-js-2.6.12.tgz",
      "integrity": "sha512-Kb2wC0fvsWfQrgk8HU5lW6U/Lcs8+9aaYcy4ZFc6DDlo4nZ7n70dEgE5rtR0oG6ufKDUnrwfWL1mXR5ljDatrQ==",
      "deprecated": "core-js@<3.23.3 is no longer maintained and not recommended for usage due to the number of issues. Because of the V8 engine whims, feature detection in old core-js versions could cause a slowdown up to 100x even if nothing is polyfilled. Some versions have web compatibility issues. Please, upgrade your dependencies to the actual version of core-js.",
      "dev": true,
      "hasInstallScript": true
    },
    "node_modules/csstype": {
      "version": "3.1.1",
      "resolved": "https://registry.npmjs.org/csstype/-/csstype-3.1.1.tgz",
      "integrity": "sha512-DJR/VvkAvSZW9bTouZue2sSxDwdTN92uHjqeKVm+0dAqdfNykRzQ95tay8aXMBAAPpUiq4Qcug2L7neoRh2Egw=="
    },
    "node_modules/flow-babel-webpack-plugin": {
      "version": "1.1.1",
      "resolved": "https://registry.npmjs.org/flow-babel-webpack-plugin/-/flow-babel-webpack-plugin-1.1.1.tgz",
      "integrity": "sha512-xgZt6sWUWMek1P+rdzJqXG9OaWCUqTfaDb1OoEVh2mXFb7Nppcd4Rm9WW9Dz4uS5T3MTe/BFVH0ZjUX8Oxh1JQ==",
      "dev": true,
      "dependencies": {
        "babel-plugin-transform-flow-comments": "^6.17.0",
        "flow-bin": ">=0.44.2 <1",
        "lodash.merge": "^4.6.0"
      }
    },
    "node_modules/flow-bin": {
      "version": "0.203.1",
      "resolved": "https://registry.npmjs.org/flow-bin/-/flow-bin-0.203.1.tgz",
      "integrity": "sha512-W/SX7QnRmBYS0TjfgtGb9ltPZzlsNeTZ7wA1yqwChxbLaQtrxGtO4K5GKtjRwAtucMQSebB7Ao++u21fRmC4TQ==",
      "dev": true,
      "bin": {
        "flow": "cli.js"
      },
      "engines": {
        "node": ">=0.10.0"
      }
    },
    "node_modules/lodash.merge": {
      "version": "4.6.2",
      "resolved": "https://registry.npmjs.org/lodash.merge/-/lodash.merge-4.6.2.tgz",
      "integrity": "sha512-0KpjqXRVvrYyCsX1swR/XTK0va6VQkQM6MNo7PqW77ByjAhoARA8EfrP1N4+KlKj8YS0ZUCtRT/YUuhyYDujIQ==",
      "dev": true
    },
    "node_modules/regenerator-runtime": {
      "version": "0.11.1",
      "resolved": "https://registry.npmjs.org/regenerator-runtime/-/regenerator-runtime-0.11.1.tgz",
      "integrity": "sha512-MguG95oij0fC3QV3URf4V2SDYGJhJnJGqvIIgdECeODCT98wSWDAJ94SSuVpYQUoTcGUIL6L4yNB7j1DFFHSBg==",
      "dev": true
    }
  }
}
